
Microsoft Visual Studio Solution File, Format Version 12.00
# Visual Studio 2013
VisualStudioVersion = 12.0.30723.0
MinimumVisualStudioVersion = 10.0.40219.1
Project("{2150E333-8FDC-42A3-9474-1A3956D46DE8}") = "1-基础设施", "1-基础设施", "{5863DEB7-8F07-40AC-9036-AC5C87C9FD62}"
EndProject
Project("{FAE04EC0-301F-11D3-BF4B-00C04F79EFBC}") = "OBear.Utility", "OBear.Utility\OBear.Utility.csproj", "{FC21D616-5C49-4F07-B56A-B14A64091064}"
EndProject
Project("{2150E333-8FDC-42A3-9474-1A3956D46DE8}") = "2-展现层", "2-展现层", "{C40CD167-69A3-41B0-945B-B0D528FD9997}"
EndProject
Project("{2150E333-8FDC-42A3-9474-1A3956D46DE8}") = "SharedLibs", "SharedLibs", "{6243BEB5-20CC-4D67-BD03-3ACA2F906148}"
	ProjectSection(SolutionItems) = preProject
		E:\Program Files (x86)\Tencent\582956443\FileRecv\UIShell.OSGi.dll = E:\Program Files (x86)\Tencent\582956443\FileRecv\UIShell.OSGi.dll
		..\..\OSharp\OSharpFramework\Developing\packages\UIShell.PageFlowService.1.2.0.1\lib\net40\UIShell.PageFlowService.dll = ..\..\OSharp\OSharpFramework\Developing\packages\UIShell.PageFlowService.1.2.0.1\lib\net40\UIShell.PageFlowService.dll
	EndProjectSection
EndProject
Project("{FAE04EC0-301F-11D3-BF4B-00C04F79EFBC}") = "OBear.Plugin", "OBear.Plugin\OBear.Plugin.csproj", "{7B3805A4-A1ED-435B-8BC5-19142E467E22}"
EndProject
Project("{2150E333-8FDC-42A3-9474-1A3956D46DE8}") = "3-插件", "3-插件", "{8AE139BC-C47A-4146-9AAF-B7CB2C2C8FB3}"
EndProject
Project("{2150E333-8FDC-42A3-9474-1A3956D46DE8}") = "DemoPlugin", "DemoPlugin", "{374F9E9C-F68E-467C-8B23-F6B2DDA75B78}"
EndProject
Project("{FAE04EC0-301F-11D3-BF4B-00C04F79EFBC}") = "OBear.Hosting.Web", "OBear.Hosting.Web\OBear.Hosting.Web.csproj", "{DD204215-55D4-4B3E-9846-989C4EA9128E}"
EndProject
Project("{FAE04EC0-301F-11D3-BF4B-00C04F79EFBC}") = "OBear.Plugin.Demo", "OBear.Hosting.Web\Plugins\OBear.Plugin.Demo\OBear.Plugin.Demo.csproj", "{C285C5A4-9455-426C-99E1-E0451A43A5D0}"
EndProject
Project("{2150E333-8FDC-42A3-9474-1A3956D46DE8}") = "AdminPlugin", "AdminPlugin", "{32167E46-D31D-4547-80E8-EE54BB2128E7}"
EndProject
Project("{FAE04EC0-301F-11D3-BF4B-00C04F79EFBC}") = "OBear.Plugin.Admin", "OBear.Hosting.Web\Plugins\OBear.Plugin.Admin\OBear.Plugin.Admin.csproj", "{724EF91E-A47F-4B22-92A9-EE2329E73CE8}"
EndProject
Project("{FAE04EC0-301F-11D3-BF4B-00C04F79EFBC}") = "OBear.Web.NET45", "OBear.Web.NET45\OBear.Web.NET45.csproj", "{2C8B59AF-FF5A-4FEE-B58A-71E86AD4C3BA}"
EndProject
Project("{2150E333-8FDC-42A3-9474-1A3956D46DE8}") = "1-Infrastructure", "1-Infrastructure", "{8BAFEC13-82AE-4941-A243-D090B4C4EB2E}"
EndProject
Project("{FAE04EC0-301F-11D3-BF4B-00C04F79EFBC}") = "OBear.Core.NET45", "OBear.Core.NET45\OBear.Core.NET45.csproj", "{D165481E-8564-4DB4-9BD4-7264CA31BFE5}"
EndProject
Global
	GlobalSection(SolutionConfigurationPlatforms) = preSolution
		Debug|Any CPU = Debug|Any CPU
		Release|Any CPU = Release|Any CPU
	EndGlobalSection
	GlobalSection(ProjectConfigurationPlatforms) = postSolution
		{FC21D616-5C49-4F07-B56A-B14A64091064}.Debug|Any CPU.ActiveCfg = Debug|Any CPU
		{FC21D616-5C49-4F07-B56A-B14A64091064}.Debug|Any CPU.Build.0 = Debug|Any CPU
		{FC21D616-5C49-4F07-B56A-B14A64091064}.Release|Any CPU.ActiveCfg = Release|Any CPU
		{FC21D616-5C49-4F07-B56A-B14A64091064}.Release|Any CPU.Build.0 = Release|Any CPU
		{7B3805A4-A1ED-435B-8BC5-19142E467E22}.Debug|Any CPU.ActiveCfg = Debug|Any CPU
		{7B3805A4-A1ED-435B-8BC5-19142E467E22}.Debug|Any CPU.Build.0 = Debug|Any CPU
		{7B3805A4-A1ED-435B-8BC5-19142E467E22}.Release|Any CPU.ActiveCfg = Release|Any CPU
		{7B3805A4-A1ED-435B-8BC5-19142E467E22}.Release|Any CPU.Build.0 = Release|Any CPU
		{DD204215-55D4-4B3E-9846-989C4EA9128E}.Debug|Any CPU.ActiveCfg = Debug|Any CPU
		{DD204215-55D4-4B3E-9846-989C4EA9128E}.Debug|Any CPU.Build.0 = Debug|Any CPU
		{DD204215-55D4-4B3E-9846-989C4EA9128E}.Release|Any CPU.ActiveCfg = Release|Any CPU
		{DD204215-55D4-4B3E-9846-989C4EA9128E}.Release|Any CPU.Build.0 = Release|Any CPU
		{C285C5A4-9455-426C-99E1-E0451A43A5D0}.Debug|Any CPU.ActiveCfg = Debug|Any CPU
		{C285C5A4-9455-426C-99E1-E0451A43A5D0}.Debug|Any CPU.Build.0 = Debug|Any CPU
		{C285C5A4-9455-426C-99E1-E0451A43A5D0}.Release|Any CPU.ActiveCfg = Release|Any CPU
		{C285C5A4-9455-426C-99E1-E0451A43A5D0}.Release|Any CPU.Build.0 = Release|Any CPU
		{724EF91E-A47F-4B22-92A9-EE2329E73CE8}.Debug|Any CPU.ActiveCfg = Debug|Any CPU
		{724EF91E-A47F-4B22-92A9-EE2329E73CE8}.Debug|Any CPU.Build.0 = Debug|Any CPU
		{724EF91E-A47F-4B22-92A9-EE2329E73CE8}.Release|Any CPU.ActiveCfg = Release|Any CPU
		{724EF91E-A47F-4B22-92A9-EE2329E73CE8}.Release|Any CPU.Build.0 = Release|Any CPU
		{2C8B59AF-FF5A-4FEE-B58A-71E86AD4C3BA}.Debug|Any CPU.ActiveCfg = Debug|Any CPU
		{2C8B59AF-FF5A-4FEE-B58A-71E86AD4C3BA}.Debug|Any CPU.Build.0 = Debug|Any CPU
		{2C8B59AF-FF5A-4FEE-B58A-71E86AD4C3BA}.Release|Any CPU.ActiveCfg = Release|Any CPU
		{2C8B59AF-FF5A-4FEE-B58A-71E86AD4C3BA}.Release|Any CPU.Build.0 = Release|Any CPU
		{D165481E-8564-4DB4-9BD4-7264CA31BFE5}.Debug|Any CPU.ActiveCfg = Debug|Any CPU
		{D165481E-8564-4DB4-9BD4-7264CA31BFE5}.Debug|Any CPU.Build.0 = Debug|Any CPU
		{D165481E-8564-4DB4-9BD4-7264CA31BFE5}.Release|Any CPU.ActiveCfg = Release|Any CPU
		{D165481E-8564-4DB4-9BD4-7264CA31BFE5}.Release|Any CPU.Build.0 = Release|Any CPU
	EndGlobalSection
	GlobalSection(SolutionProperties) = preSolution
		HideSolutionNode = FALSE
	EndGlobalSection
	GlobalSection(NestedProjects) = preSolution
		{FC21D616-5C49-4F07-B56A-B14A64091064} = {5863DEB7-8F07-40AC-9036-AC5C87C9FD62}
		{7B3805A4-A1ED-435B-8BC5-19142E467E22} = {5863DEB7-8F07-40AC-9036-AC5C87C9FD62}
		{374F9E9C-F68E-467C-8B23-F6B2DDA75B78} = {8AE139BC-C47A-4146-9AAF-B7CB2C2C8FB3}
		{DD204215-55D4-4B3E-9846-989C4EA9128E} = {C40CD167-69A3-41B0-945B-B0D528FD9997}
		{C285C5A4-9455-426C-99E1-E0451A43A5D0} = {374F9E9C-F68E-467C-8B23-F6B2DDA75B78}
		{32167E46-D31D-4547-80E8-EE54BB2128E7} = {8AE139BC-C47A-4146-9AAF-B7CB2C2C8FB3}
		{724EF91E-A47F-4B22-92A9-EE2329E73CE8} = {32167E46-D31D-4547-80E8-EE54BB2128E7}
		{2C8B59AF-FF5A-4FEE-B58A-71E86AD4C3BA} = {5863DEB7-8F07-40AC-9036-AC5C87C9FD62}
		{8BAFEC13-82AE-4941-A243-D090B4C4EB2E} = {8AE139BC-C47A-4146-9AAF-B7CB2C2C8FB3}
		{D165481E-8564-4DB4-9BD4-7264CA31BFE5} = {5863DEB7-8F07-40AC-9036-AC5C87C9FD62}
	EndGlobalSection
EndGlobal
