
Microsoft Visual Studio Solution File, Format Version 12.00
# Visual Studio 2013
VisualStudioVersion = 12.0.21005.1
MinimumVisualStudioVersion = 10.0.40219.1
Project("{2150E333-8FDC-42A3-9474-1A3956D46DE8}") = "1-基础设施", "1-基础设施", "{5863DEB7-8F07-40AC-9036-AC5C87C9FD62}"
EndProject
Project("{FAE04EC0-301F-11D3-BF4B-00C04F79EFBC}") = "OBear.Utility", "OBear.Utility\OBear.Utility.csproj", "{FC21D616-5C49-4F07-B56A-B14A64091064}"
EndProject
Global
	GlobalSection(SolutionConfigurationPlatforms) = preSolution
		Debug|Any CPU = Debug|Any CPU
		Release|Any CPU = Release|Any CPU
	EndGlobalSection
	GlobalSection(ProjectConfigurationPlatforms) = postSolution
		{FC21D616-5C49-4F07-B56A-B14A64091064}.Debug|Any CPU.ActiveCfg = Debug|Any CPU
		{FC21D616-5C49-4F07-B56A-B14A64091064}.Debug|Any CPU.Build.0 = Debug|Any CPU
		{FC21D616-5C49-4F07-B56A-B14A64091064}.Release|Any CPU.ActiveCfg = Release|Any CPU
		{FC21D616-5C49-4F07-B56A-B14A64091064}.Release|Any CPU.Build.0 = Release|Any CPU
	EndGlobalSection
	GlobalSection(SolutionProperties) = preSolution
		HideSolutionNode = FALSE
	EndGlobalSection
	GlobalSection(NestedProjects) = preSolution
		{FC21D616-5C49-4F07-B56A-B14A64091064} = {5863DEB7-8F07-40AC-9036-AC5C87C9FD62}
	EndGlobalSection
EndGlobal
